
Microsoft Visual Studio Solution File, Format Version 12.00
# Visual Studio Version 17
VisualStudioVersion = 17.8.34525.116
MinimumVisualStudioVersion = 10.0.40219.1
Project("{FAE04EC0-301F-11D3-BF4B-00C04F79EFBC}") = "Lab_8", "Lab_8\Lab_8.csproj", "{6A1F869F-B4F9-43F3-B605-382EF5735306}"
EndProject
Global
	GlobalSection(SolutionConfigurationPlatforms) = preSolution
		Debug|Any CPU = Debug|Any CPU
		Release|Any CPU = Release|Any CPU
	EndGlobalSection
	GlobalSection(ProjectConfigurationPlatforms) = postSolution
		{6A1F869F-B4F9-43F3-B605-382EF5735306}.Debug|Any CPU.ActiveCfg = Debug|Any CPU
		{6A1F869F-B4F9-43F3-B605-382EF5735306}.Debug|Any CPU.Build.0 = Debug|Any CPU
		{6A1F869F-B4F9-43F3-B605-382EF5735306}.Release|Any CPU.ActiveCfg = Release|Any CPU
		{6A1F869F-B4F9-43F3-B605-382EF5735306}.Release|Any CPU.Build.0 = Release|Any CPU
	EndGlobalSection
	GlobalSection(SolutionProperties) = preSolution
		HideSolutionNode = FALSE
	EndGlobalSection
	GlobalSection(ExtensibilityGlobals) = postSolution
		SolutionGuid = {EA5FBFE2-4457-4A0B-BB1B-F11685A1B533}
	EndGlobalSection
EndGlobal
